
Microsoft Visual Studio Solution File, Format Version 12.00
# Visual Studio 15
VisualStudioVersion = 15.0.28307.572
MinimumVisualStudioVersion = 10.0.40219.1
Project("{F184B08F-C81C-45F6-A57F-5ABD9991F28F}") = "WIP", "WIP\WIP.vbproj", "{E842A0F2-6E5F-4823-9E2E-4E494F8CFAF7}"
EndProject
Global
	GlobalSection(SolutionConfigurationPlatforms) = preSolution
		Debug|Any CPU = Debug|Any CPU
		Release|Any CPU = Release|Any CPU
	EndGlobalSection
	GlobalSection(ProjectConfigurationPlatforms) = postSolution
		{E842A0F2-6E5F-4823-9E2E-4E494F8CFAF7}.Debug|Any CPU.ActiveCfg = Debug|Any CPU
		{E842A0F2-6E5F-4823-9E2E-4E494F8CFAF7}.Debug|Any CPU.Build.0 = Debug|Any CPU
		{E842A0F2-6E5F-4823-9E2E-4E494F8CFAF7}.Release|Any CPU.ActiveCfg = Release|Any CPU
		{E842A0F2-6E5F-4823-9E2E-4E494F8CFAF7}.Release|Any CPU.Build.0 = Release|Any CPU
	EndGlobalSection
	GlobalSection(SolutionProperties) = preSolution
		HideSolutionNode = FALSE
	EndGlobalSection
	GlobalSection(ExtensibilityGlobals) = postSolution
		SolutionGuid = {AEC239BF-CEEE-4891-BA09-58F82360248B}
	EndGlobalSection
EndGlobal
